github.com/alecthomas/assert/v2 v2.0.3 h1:WKqJODfOiQG0nEJKFKzDIG3E29CN2/4zR9XGJzKIkbg=
github.com/alecthomas/assert/v2 v2.0.3/go.mod h1:b/+1DI2Q6NckYi+3mXyH3wFb8qG37K/DuK80n7WefXA=
github.com/alecthomas/participle/v2 v2.0.0-beta.5 h1:y6dsSYVb1G5eK6mgmy+BgI3Mw35a3WghArZ/Hbebrjo=
github.com/alecthomas/participle/v2 v2.0.0-beta.5/go.mod h1:RC764t6n4L8D8ITAJv0qdokritYSNR3wV5cVwmIEaMM=
github.com/alecthomas/repr v0.1.0 h1:ENn2e1+J3k09gyj2shc0dHr/yjaWSHRlrJ4DPMevDqE=
github.com/alecthomas/repr v0.1.0/go.mod h1:2kn6fqh/zIyPLmm3ugklbEi5hg5wS435eygvNfaDQL8=
github.com/benbjohnson/immutable v0.4.0 h1:CTqXbEerYso8YzVPxmWxh2gnoRQbbB9X1quUC8+vGZA=
github.com/benbjohnson/immutable v0.4.0/go.mod h1:iAr8OjJGLnLmVUr9MZ/rz4PWUy6Ouc2JLYuMArmvAJM=
github.com/hexops/gotextdiff v1.0.3 h1:gitA9+qJrrTCsiCl7+kh75nPqQt1cx4ZkudSTLoUqJM=
github.com/hexops/gotextdiff v1.0.3/go.mod h1:pSWU5MAI3yDq+fZBTazCSJysOMbxWL1BSow5/V2vxeg=
github.com/segmentio/ksuid v1.0.4 h1:sBo2BdShXjmcugAMwjugoGUdUV0pcxY5mW4xKRn3v4c=
github.com/segmentio/ksuid v1.0.4/go.mod h1:/XUiZBD3kVx5SmUOl55voK5yeAbBNNIed+2O73XgrPE=
golang.org/x/exp v0.0.0-20220518171630-0b5c67f07fdf h1:oXVg4h2qJDd9htKxb5SCpFBHLipW6hXmL3qpUixS2jw=
golang.org/x/exp v0.0.0-20220518171630-0b5c67f07fdf/go.mod h1:yh0Ynu2b5ZUe3MQfp2nM0ecK7wsgouWTDN0FNeJuIys=
